
Microsoft Visual Studio Solution File, Format Version 12.00
# Visual Studio Version 16
VisualStudioVersion = 16.0.30804.86
MinimumVisualStudioVersion = 10.0.40219.1
Project("{FAE04EC0-301F-11D3-BF4B-00C04F79EFBC}") = "HomeWork1", "HomeWork1.csproj", "{2CBEECD7-0A24-4BD1-9613-195C2E0DE112}"
EndProject
Global
	GlobalSection(SolutionConfigurationPlatforms) = preSolution
		Debug|Any CPU = Debug|Any CPU
		Release|Any CPU = Release|Any CPU
	EndGlobalSection
	GlobalSection(ProjectConfigurationPlatforms) = postSolution
		{2CBEECD7-0A24-4BD1-9613-195C2E0DE112}.Debug|Any CPU.ActiveCfg = Debug|Any CPU
		{2CBEECD7-0A24-4BD1-9613-195C2E0DE112}.Debug|Any CPU.Build.0 = Debug|Any CPU
		{2CBEECD7-0A24-4BD1-9613-195C2E0DE112}.Release|Any CPU.ActiveCfg = Release|Any CPU
		{2CBEECD7-0A24-4BD1-9613-195C2E0DE112}.Release|Any CPU.Build.0 = Release|Any CPU
	EndGlobalSection
	GlobalSection(SolutionProperties) = preSolution
		HideSolutionNode = FALSE
	EndGlobalSection
	GlobalSection(ExtensibilityGlobals) = postSolution
		SolutionGuid = {3DC7C1DA-09E7-4555-AEA1-42E8E60D41E0}
	EndGlobalSection
EndGlobal
